PODS:
  - JKNoticationHelper (0.1.0)
  - Kiwi (3.0.0)

DEPENDENCIES:
  - JKNoticationHelper (from `../`)
  - Kiwi

SPEC REPOS:
  https://github.com/cocoapods/specs.git:
    - Kiwi

EXTERNAL SOURCES:
  JKNoticationHelper:
    :path: "../"

SPEC CHECKSUMS:
  JKNoticationHelper: aeca82f173c8dd32c8b3b938730a91bcbf5bf22b
  Kiwi: fbeafef0f00e4d8f7dcb3420a4930afe70af77f7

PODFILE CHECKSUM: 5f37b67a792c14bb1dcb001fc4216633f0e61172

COCOAPODS: 1.7.5
