PODS:
  - JKNoticationHelper (0.1.0)
  - Kiwi (3.0.0)

DEPENDENCIES:
  - JKNoticationHelper (from `../../`)
  - Kiwi

SPEC REPOS:
  https://github.com/CocoaPods/Specs.git:
    - Kiwi

EXTERNAL SOURCES:
  JKNoticationHelper:
    :path: "../../"

SPEC CHECKSUMS:
  JKNoticationHelper: 489d7154b7eaf655072959bd2ff3851d02ea89ac
  Kiwi: fbeafef0f00e4d8f7dcb3420a4930afe70af77f7

PODFILE CHECKSUM: 3d35b9766c2ff982fd95b136d6e22f0266272de1

COCOAPODS: 1.10.1
